# This file is automatically @generated by Cargo.
# It is not intended for manual editing.
version = 3

[[package]]
name = "arguably"
version = "2.0.1"
source = "registry+https://github.com/rust-lang/crates.io-index"
checksum = "6ba4866cb027954aceb8744ec89b222f20c78740f8a2e588400be6c7726f0216"

[[package]]
name = "runiq"
version = "0.1.0"
dependencies = [
 "arguably",
]
